{
  "adapter_version": "0.3.0",
  "ae_sdd_version": "3.12.1",
  "source_input_sha256": "033904076deb46f1e3b7b5005e6d0247de170bea05cc569afd5cefd222fbb2a1",
  "source_commit": "0087adbcc39ac0ab6579cee8e151ff05992c2589",
  "templateHash": "C5148E283FF6CFADB818D21F613A26C734E7A7E5",
  "converted_at": "2026-07-21T08:14:28Z"
}